{
  "name": "@js-joda/extra",
  "version": "0.12.2",
  "lockfileVersion": 2,
  "requires": true,
  "packages": {
    "": {
      "name": "@js-joda/extra",
      "version": "0.12.2",
      "license": "BSD-3-Clause",
      "devDependencies": {
        "@js-joda/core": "^5.6.3"
      },
      "peerDependencies": {
        "@js-joda/core": ">=1.11.0"
      }
    },
    "node_modules/@js-joda/core": {
      "version": "5.6.3",
      "resolved": "https://registry.npmjs.org/@js-joda/core/-/core-5.6.3.tgz",
      "integrity": "sha512-T1rRxzdqkEXcou0ZprN1q9yDRlvzCPLqmlNt5IIsGBzoEVgLCCYrKEwc84+TvsXuAc95VAZwtWD2zVsKPY4bcA==",
      "dev": true,
      "license": "BSD-3-Clause"
    }
  },
  "dependencies": {
    "@js-joda/core": {
      "version": "5.6.3",
      "resolved": "https://registry.npmjs.org/@js-joda/core/-/core-5.6.3.tgz",
      "integrity": "sha512-T1rRxzdqkEXcou0ZprN1q9yDRlvzCPLqmlNt5IIsGBzoEVgLCCYrKEwc84+TvsXuAc95VAZwtWD2zVsKPY4bcA==",
      "dev": true
    }
  }
}
